
Microsoft Visual Studio Solution File, Format Version 12.00
# Visual Studio Express 2013 for Windows Desktop
VisualStudioVersion = 12.0.31101.0
MinimumVisualStudioVersion = 10.0.40219.1
Project("{FAE04EC0-301F-11D3-BF4B-00C04F79EFBC}") = "HelloWorld", "WpfApplication1\HelloWorld.csproj", "{A48004B4-B8B8-4DDC-A47F-08845E1CE232}"
EndProject
Project("{FAE04EC0-301F-11D3-BF4B-00C04F79EFBC}") = "StackPanel", "StackPanel\StackPanel.csproj", "{DF032973-81DB-482F-A09F-5D95D8171F7B}"
EndProject
Project("{FAE04EC0-301F-11D3-BF4B-00C04F79EFBC}") = "WrapPanel", "WrapPanel\WrapPanel.csproj", "{1D991C12-7D84-4F12-B2B9-578177AF379A}"
EndProject
Project("{FAE04EC0-301F-11D3-BF4B-00C04F79EFBC}") = "DockPanel", "DockPanel\DockPanel.csproj", "{9ED27E4C-58DA-4594-A6E1-DAFA9C644546}"
EndProject
Project("{FAE04EC0-301F-11D3-BF4B-00C04F79EFBC}") = "Canvas", "Canvas\Canvas.csproj", "{5E120C64-0CD8-4006-B59B-D78F87B0D8C5}"
EndProject
Project("{FAE04EC0-301F-11D3-BF4B-00C04F79EFBC}") = "SimpleForm", "SimpleForm\SimpleForm.csproj", "{C1D2E64E-EC37-47CA-ABBF-3A8CA621AB0A}"
EndProject
Project("{FAE04EC0-301F-11D3-BF4B-00C04F79EFBC}") = "DataBindingTwoWay", "DataBindingOneWay\DataBindingTwoWay.csproj", "{C3F27EA1-3116-49BB-BDD5-507BBF2DB10D}"
EndProject
Project("{FAE04EC0-301F-11D3-BF4B-00C04F79EFBC}") = "DataBindingLists", "DataBindingLists\DataBindingLists.csproj", "{EFDCE503-1AE5-4A0A-9B31-6EB7556B9C40}"
EndProject
Project("{FAE04EC0-301F-11D3-BF4B-00C04F79EFBC}") = "ElementBinding", "ElementBinding\ElementBinding.csproj", "{07A015F9-D875-4330-8E3B-D9B3909D9850}"
EndProject
Project("{FAE04EC0-301F-11D3-BF4B-00C04F79EFBC}") = "DataConversionDemo", "DataConversionDemo\DataConversionDemo.csproj", "{8CB3A825-6E19-4BEB-9E74-385D78EC999F}"
EndProject
Project("{FAE04EC0-301F-11D3-BF4B-00C04F79EFBC}") = "AsynchronousDemo", "AsynchronousDemo\AsynchronousDemo.csproj", "{C7EA1E7A-BAD9-436C-B2E8-9313E8F4973B}"
EndProject
Project("{FAE04EC0-301F-11D3-BF4B-00C04F79EFBC}") = "TabControl", "TabControl\TabControl.csproj", "{32C6021E-B88A-4F79-A29C-F37605E44532}"
EndProject
Project("{FAE04EC0-301F-11D3-BF4B-00C04F79EFBC}") = "DataGrid", "DataGrid\DataGrid.csproj", "{07EE70AE-13D1-409D-ABFE-8A0C6030E087}"
EndProject
Project("{FAE04EC0-301F-11D3-BF4B-00C04F79EFBC}") = "MenuDemo", "MenuDemo\MenuDemo.csproj", "{6119CAA3-3504-4F2B-8274-A1DF5CA4FEB8}"
EndProject
Project("{FAE04EC0-301F-11D3-BF4B-00C04F79EFBC}") = "Styles", "Styles\Styles.csproj", "{D2C112EC-A7FF-44AE-9D8F-945D3B726677}"
EndProject
Project("{2150E333-8FDC-42A3-9474-1A3956D46DE8}") = "XAML", "XAML", "{E977F817-A97D-47B5-B678-5E02758A61B2}"
EndProject
Project("{2150E333-8FDC-42A3-9474-1A3956D46DE8}") = "WPF", "WPF", "{690C0DFA-868A-449D-9182-83759006D39B}"
EndProject
Project("{FAE04EC0-301F-11D3-BF4B-00C04F79EFBC}") = "Button", "Demo1\Button.csproj", "{7430A95F-3C60-4B80-8A5D-5DDAF86DBE53}"
EndProject
Project("{FAE04EC0-301F-11D3-BF4B-00C04F79EFBC}") = "UserControlAccess", "UserControlAccess\UserControlAccess.csproj", "{1C585F11-B788-400D-957C-9FED05413D9C}"
EndProject
Project("{FAE04EC0-301F-11D3-BF4B-00C04F79EFBC}") = "ImageAndMediaDemo", "ImageAndMediaDemo\ImageAndMediaDemo.csproj", "{4630ECD4-80E0-40BF-BA53-2B1AA489FD1F}"
EndProject
Project("{FAE04EC0-301F-11D3-BF4B-00C04F79EFBC}") = "ObservableCollectionDemo", "ObservableCollectionDemo\ObservableCollectionDemo.csproj", "{3670FB8B-D025-4D73-981E-F0F9A084AED2}"
EndProject
Project("{FAE04EC0-301F-11D3-BF4B-00C04F79EFBC}") = "ItemsControlDemo", "ItemsControlDemo\ItemsControlDemo.csproj", "{B2278F0F-0A17-476D-9D70-F37BB051CD5D}"
EndProject
Project("{FAE04EC0-301F-11D3-BF4B-00C04F79EFBC}") = "ResourcesWithResourceFile", "Resources\ResourcesWithResourceFile.csproj", "{B3C189EB-57C1-4B7F-8EB0-F05D66AE168F}"
EndProject
Project("{FAE04EC0-301F-11D3-BF4B-00C04F79EFBC}") = "StylesDemo", "STylesDemo\StylesDemo.csproj", "{BF25BCA9-6E68-413B-8986-2D8DE7CEBE71}"
EndProject
Project("{FAE04EC0-301F-11D3-BF4B-00C04F79EFBC}") = "CustomControls", "CustomControls\CustomControls.csproj", "{1D650273-9D58-4265-8318-10DE69DA92FB}"
EndProject
Project("{2150E333-8FDC-42A3-9474-1A3956D46DE8}") = "DataBinding", "DataBinding", "{B278AB60-DC1A-4AA1-8A91-81BA741D6DD1}"
EndProject
Global
	GlobalSection(SolutionConfigurationPlatforms) = preSolution
		Debug|Any CPU = Debug|Any CPU
		Release|Any CPU = Release|Any CPU
	EndGlobalSection
	GlobalSection(ProjectConfigurationPlatforms) = postSolution
		{A48004B4-B8B8-4DDC-A47F-08845E1CE232}.Debug|Any CPU.ActiveCfg = Debug|Any CPU
		{A48004B4-B8B8-4DDC-A47F-08845E1CE232}.Debug|Any CPU.Build.0 = Debug|Any CPU
		{A48004B4-B8B8-4DDC-A47F-08845E1CE232}.Release|Any CPU.ActiveCfg = Release|Any CPU
		{A48004B4-B8B8-4DDC-A47F-08845E1CE232}.Release|Any CPU.Build.0 = Release|Any CPU
		{DF032973-81DB-482F-A09F-5D95D8171F7B}.Debug|Any CPU.ActiveCfg = Debug|Any CPU
		{DF032973-81DB-482F-A09F-5D95D8171F7B}.Debug|Any CPU.Build.0 = Debug|Any CPU
		{DF032973-81DB-482F-A09F-5D95D8171F7B}.Release|Any CPU.ActiveCfg = Release|Any CPU
		{DF032973-81DB-482F-A09F-5D95D8171F7B}.Release|Any CPU.Build.0 = Release|Any CPU
		{1D991C12-7D84-4F12-B2B9-578177AF379A}.Debug|Any CPU.ActiveCfg = Debug|Any CPU
		{1D991C12-7D84-4F12-B2B9-578177AF379A}.Debug|Any CPU.Build.0 = Debug|Any CPU
		{1D991C12-7D84-4F12-B2B9-578177AF379A}.Release|Any CPU.ActiveCfg = Release|Any CPU
		{1D991C12-7D84-4F12-B2B9-578177AF379A}.Release|Any CPU.Build.0 = Release|Any CPU
		{9ED27E4C-58DA-4594-A6E1-DAFA9C644546}.Debug|Any CPU.ActiveCfg = Debug|Any CPU
		{9ED27E4C-58DA-4594-A6E1-DAFA9C644546}.Debug|Any CPU.Build.0 = Debug|Any CPU
		{9ED27E4C-58DA-4594-A6E1-DAFA9C644546}.Release|Any CPU.ActiveCfg = Release|Any CPU
		{9ED27E4C-58DA-4594-A6E1-DAFA9C644546}.Release|Any CPU.Build.0 = Release|Any CPU
		{5E120C64-0CD8-4006-B59B-D78F87B0D8C5}.Debug|Any CPU.ActiveCfg = Debug|Any CPU
		{5E120C64-0CD8-4006-B59B-D78F87B0D8C5}.Debug|Any CPU.Build.0 = Debug|Any CPU
		{5E120C64-0CD8-4006-B59B-D78F87B0D8C5}.Release|Any CPU.ActiveCfg = Release|Any CPU
		{5E120C64-0CD8-4006-B59B-D78F87B0D8C5}.Release|Any CPU.Build.0 = Release|Any CPU
		{C1D2E64E-EC37-47CA-ABBF-3A8CA621AB0A}.Debug|Any CPU.ActiveCfg = Debug|Any CPU
		{C1D2E64E-EC37-47CA-ABBF-3A8CA621AB0A}.Debug|Any CPU.Build.0 = Debug|Any CPU
		{C1D2E64E-EC37-47CA-ABBF-3A8CA621AB0A}.Release|Any CPU.ActiveCfg = Release|Any CPU
		{C1D2E64E-EC37-47CA-ABBF-3A8CA621AB0A}.Release|Any CPU.Build.0 = Release|Any CPU
		{C3F27EA1-3116-49BB-BDD5-507BBF2DB10D}.Debug|Any CPU.ActiveCfg = Debug|Any CPU
		{C3F27EA1-3116-49BB-BDD5-507BBF2DB10D}.Debug|Any CPU.Build.0 = Debug|Any CPU
		{C3F27EA1-3116-49BB-BDD5-507BBF2DB10D}.Release|Any CPU.ActiveCfg = Release|Any CPU
		{C3F27EA1-3116-49BB-BDD5-507BBF2DB10D}.Release|Any CPU.Build.0 = Release|Any CPU
		{EFDCE503-1AE5-4A0A-9B31-6EB7556B9C40}.Debug|Any CPU.ActiveCfg = Debug|Any CPU
		{EFDCE503-1AE5-4A0A-9B31-6EB7556B9C40}.Debug|Any CPU.Build.0 = Debug|Any CPU
		{EFDCE503-1AE5-4A0A-9B31-6EB7556B9C40}.Release|Any CPU.ActiveCfg = Release|Any CPU
		{EFDCE503-1AE5-4A0A-9B31-6EB7556B9C40}.Release|Any CPU.Build.0 = Release|Any CPU
		{07A015F9-D875-4330-8E3B-D9B3909D9850}.Debug|Any CPU.ActiveCfg = Debug|Any CPU
		{07A015F9-D875-4330-8E3B-D9B3909D9850}.Debug|Any CPU.Build.0 = Debug|Any CPU
		{07A015F9-D875-4330-8E3B-D9B3909D9850}.Release|Any CPU.ActiveCfg = Release|Any CPU
		{07A015F9-D875-4330-8E3B-D9B3909D9850}.Release|Any CPU.Build.0 = Release|Any CPU
		{8CB3A825-6E19-4BEB-9E74-385D78EC999F}.Debug|Any CPU.ActiveCfg = Debug|Any CPU
		{8CB3A825-6E19-4BEB-9E74-385D78EC999F}.Debug|Any CPU.Build.0 = Debug|Any CPU
		{8CB3A825-6E19-4BEB-9E74-385D78EC999F}.Release|Any CPU.ActiveCfg = Release|Any CPU
		{8CB3A825-6E19-4BEB-9E74-385D78EC999F}.Release|Any CPU.Build.0 = Release|Any CPU
		{C7EA1E7A-BAD9-436C-B2E8-9313E8F4973B}.Debug|Any CPU.ActiveCfg = Debug|Any CPU
		{C7EA1E7A-BAD9-436C-B2E8-9313E8F4973B}.Debug|Any CPU.Build.0 = Debug|Any CPU
		{C7EA1E7A-BAD9-436C-B2E8-9313E8F4973B}.Release|Any CPU.ActiveCfg = Release|Any CPU
		{C7EA1E7A-BAD9-436C-B2E8-9313E8F4973B}.Release|Any CPU.Build.0 = Release|Any CPU
		{32C6021E-B88A-4F79-A29C-F37605E44532}.Debug|Any CPU.ActiveCfg = Debug|Any CPU
		{32C6021E-B88A-4F79-A29C-F37605E44532}.Debug|Any CPU.Build.0 = Debug|Any CPU
		{32C6021E-B88A-4F79-A29C-F37605E44532}.Release|Any CPU.ActiveCfg = Release|Any CPU
		{32C6021E-B88A-4F79-A29C-F37605E44532}.Release|Any CPU.Build.0 = Release|Any CPU
		{07EE70AE-13D1-409D-ABFE-8A0C6030E087}.Debug|Any CPU.ActiveCfg = Debug|Any CPU
		{07EE70AE-13D1-409D-ABFE-8A0C6030E087}.Debug|Any CPU.Build.0 = Debug|Any CPU
		{07EE70AE-13D1-409D-ABFE-8A0C6030E087}.Release|Any CPU.ActiveCfg = Release|Any CPU
		{07EE70AE-13D1-409D-ABFE-8A0C6030E087}.Release|Any CPU.Build.0 = Release|Any CPU
		{6119CAA3-3504-4F2B-8274-A1DF5CA4FEB8}.Debug|Any CPU.ActiveCfg = Debug|Any CPU
		{6119CAA3-3504-4F2B-8274-A1DF5CA4FEB8}.Debug|Any CPU.Build.0 = Debug|Any CPU
		{6119CAA3-3504-4F2B-8274-A1DF5CA4FEB8}.Release|Any CPU.ActiveCfg = Release|Any CPU
		{6119CAA3-3504-4F2B-8274-A1DF5CA4FEB8}.Release|Any CPU.Build.0 = Release|Any CPU
		{D2C112EC-A7FF-44AE-9D8F-945D3B726677}.Debug|Any CPU.ActiveCfg = Debug|Any CPU
		{D2C112EC-A7FF-44AE-9D8F-945D3B726677}.Debug|Any CPU.Build.0 = Debug|Any CPU
		{D2C112EC-A7FF-44AE-9D8F-945D3B726677}.Release|Any CPU.ActiveCfg = Release|Any CPU
		{D2C112EC-A7FF-44AE-9D8F-945D3B726677}.Release|Any CPU.Build.0 = Release|Any CPU
		{7430A95F-3C60-4B80-8A5D-5DDAF86DBE53}.Debug|Any CPU.ActiveCfg = Debug|Any CPU
		{7430A95F-3C60-4B80-8A5D-5DDAF86DBE53}.Debug|Any CPU.Build.0 = Debug|Any CPU
		{7430A95F-3C60-4B80-8A5D-5DDAF86DBE53}.Release|Any CPU.ActiveCfg = Release|Any CPU
		{7430A95F-3C60-4B80-8A5D-5DDAF86DBE53}.Release|Any CPU.Build.0 = Release|Any CPU
		{1C585F11-B788-400D-957C-9FED05413D9C}.Debug|Any CPU.ActiveCfg = Debug|Any CPU
		{1C585F11-B788-400D-957C-9FED05413D9C}.Debug|Any CPU.Build.0 = Debug|Any CPU
		{1C585F11-B788-400D-957C-9FED05413D9C}.Release|Any CPU.ActiveCfg = Release|Any CPU
		{1C585F11-B788-400D-957C-9FED05413D9C}.Release|Any CPU.Build.0 = Release|Any CPU
		{4630ECD4-80E0-40BF-BA53-2B1AA489FD1F}.Debug|Any CPU.ActiveCfg = Debug|Any CPU
		{4630ECD4-80E0-40BF-BA53-2B1AA489FD1F}.Debug|Any CPU.Build.0 = Debug|Any CPU
		{4630ECD4-80E0-40BF-BA53-2B1AA489FD1F}.Release|Any CPU.ActiveCfg = Release|Any CPU
		{4630ECD4-80E0-40BF-BA53-2B1AA489FD1F}.Release|Any CPU.Build.0 = Release|Any CPU
		{3670FB8B-D025-4D73-981E-F0F9A084AED2}.Debug|Any CPU.ActiveCfg = Debug|Any CPU
		{3670FB8B-D025-4D73-981E-F0F9A084AED2}.Debug|Any CPU.Build.0 = Debug|Any CPU
		{3670FB8B-D025-4D73-981E-F0F9A084AED2}.Release|Any CPU.ActiveCfg = Release|Any CPU
		{3670FB8B-D025-4D73-981E-F0F9A084AED2}.Release|Any CPU.Build.0 = Release|Any CPU
		{B2278F0F-0A17-476D-9D70-F37BB051CD5D}.Debug|Any CPU.ActiveCfg = Debug|Any CPU
		{B2278F0F-0A17-476D-9D70-F37BB051CD5D}.Debug|Any CPU.Build.0 = Debug|Any CPU
		{B2278F0F-0A17-476D-9D70-F37BB051CD5D}.Release|Any CPU.ActiveCfg = Release|Any CPU
		{B2278F0F-0A17-476D-9D70-F37BB051CD5D}.Release|Any CPU.Build.0 = Release|Any CPU
		{B3C189EB-57C1-4B7F-8EB0-F05D66AE168F}.Debug|Any CPU.ActiveCfg = Debug|Any CPU
		{B3C189EB-57C1-4B7F-8EB0-F05D66AE168F}.Debug|Any CPU.Build.0 = Debug|Any CPU
		{B3C189EB-57C1-4B7F-8EB0-F05D66AE168F}.Release|Any CPU.ActiveCfg = Release|Any CPU
		{B3C189EB-57C1-4B7F-8EB0-F05D66AE168F}.Release|Any CPU.Build.0 = Release|Any CPU
		{BF25BCA9-6E68-413B-8986-2D8DE7CEBE71}.Debug|Any CPU.ActiveCfg = Debug|Any CPU
		{BF25BCA9-6E68-413B-8986-2D8DE7CEBE71}.Debug|Any CPU.Build.0 = Debug|Any CPU
		{BF25BCA9-6E68-413B-8986-2D8DE7CEBE71}.Release|Any CPU.ActiveCfg = Release|Any CPU
		{BF25BCA9-6E68-413B-8986-2D8DE7CEBE71}.Release|Any CPU.Build.0 = Release|Any CPU
		{1D650273-9D58-4265-8318-10DE69DA92FB}.Debug|Any CPU.ActiveCfg = Debug|Any CPU
		{1D650273-9D58-4265-8318-10DE69DA92FB}.Debug|Any CPU.Build.0 = Debug|Any CPU
		{1D650273-9D58-4265-8318-10DE69DA92FB}.Release|Any CPU.ActiveCfg = Release|Any CPU
		{1D650273-9D58-4265-8318-10DE69DA92FB}.Release|Any CPU.Build.0 = Release|Any CPU
	EndGlobalSection
	GlobalSection(SolutionProperties) = preSolution
		HideSolutionNode = FALSE
	EndGlobalSection
	GlobalSection(NestedProjects) = preSolution
		{A48004B4-B8B8-4DDC-A47F-08845E1CE232} = {690C0DFA-868A-449D-9182-83759006D39B}
		{DF032973-81DB-482F-A09F-5D95D8171F7B} = {690C0DFA-868A-449D-9182-83759006D39B}
		{1D991C12-7D84-4F12-B2B9-578177AF379A} = {690C0DFA-868A-449D-9182-83759006D39B}
		{9ED27E4C-58DA-4594-A6E1-DAFA9C644546} = {690C0DFA-868A-449D-9182-83759006D39B}
		{5E120C64-0CD8-4006-B59B-D78F87B0D8C5} = {690C0DFA-868A-449D-9182-83759006D39B}
		{C1D2E64E-EC37-47CA-ABBF-3A8CA621AB0A} = {690C0DFA-868A-449D-9182-83759006D39B}
		{C3F27EA1-3116-49BB-BDD5-507BBF2DB10D} = {690C0DFA-868A-449D-9182-83759006D39B}
		{EFDCE503-1AE5-4A0A-9B31-6EB7556B9C40} = {690C0DFA-868A-449D-9182-83759006D39B}
		{07A015F9-D875-4330-8E3B-D9B3909D9850} = {690C0DFA-868A-449D-9182-83759006D39B}
		{8CB3A825-6E19-4BEB-9E74-385D78EC999F} = {690C0DFA-868A-449D-9182-83759006D39B}
		{C7EA1E7A-BAD9-436C-B2E8-9313E8F4973B} = {690C0DFA-868A-449D-9182-83759006D39B}
		{32C6021E-B88A-4F79-A29C-F37605E44532} = {690C0DFA-868A-449D-9182-83759006D39B}
		{07EE70AE-13D1-409D-ABFE-8A0C6030E087} = {690C0DFA-868A-449D-9182-83759006D39B}
		{6119CAA3-3504-4F2B-8274-A1DF5CA4FEB8} = {690C0DFA-868A-449D-9182-83759006D39B}
		{D2C112EC-A7FF-44AE-9D8F-945D3B726677} = {690C0DFA-868A-449D-9182-83759006D39B}
		{7430A95F-3C60-4B80-8A5D-5DDAF86DBE53} = {E977F817-A97D-47B5-B678-5E02758A61B2}
		{1C585F11-B788-400D-957C-9FED05413D9C} = {E977F817-A97D-47B5-B678-5E02758A61B2}
		{4630ECD4-80E0-40BF-BA53-2B1AA489FD1F} = {E977F817-A97D-47B5-B678-5E02758A61B2}
		{3670FB8B-D025-4D73-981E-F0F9A084AED2} = {E977F817-A97D-47B5-B678-5E02758A61B2}
		{B2278F0F-0A17-476D-9D70-F37BB051CD5D} = {690C0DFA-868A-449D-9182-83759006D39B}
		{B3C189EB-57C1-4B7F-8EB0-F05D66AE168F} = {E977F817-A97D-47B5-B678-5E02758A61B2}
		{BF25BCA9-6E68-413B-8986-2D8DE7CEBE71} = {E977F817-A97D-47B5-B678-5E02758A61B2}
		{1D650273-9D58-4265-8318-10DE69DA92FB} = {690C0DFA-868A-449D-9182-83759006D39B}
	EndGlobalSection
EndGlobal
